
Microsoft Visual Studio Solution File, Format Version 12.00
# Visual Studio Version 17
VisualStudioVersion = 17.8.34330.188
MinimumVisualStudioVersion = 10.0.40219.1
Project("{FAE04EC0-301F-11D3-BF4B-00C04F79EFBC}") = "PhoneShopServer", "PhoneShopServer\PhoneShopServer.csproj", "{A531183B-98D0-4B59-9517-63B2378AC610}"
EndProject
Project("{FAE04EC0-301F-11D3-BF4B-00C04F79EFBC}") = "PhoneShopClient", "PhoneShopClient\PhoneShopClient.csproj", "{2561C7D3-9727-4F0F-8C36-79D7FF013B2E}"
EndProject
Project("{FAE04EC0-301F-11D3-BF4B-00C04F79EFBC}") = "PhoneShopShareLibrary", "PhoneShopShareLibrary\PhoneShopShareLibrary.csproj", "{D9A6B149-1809-4FF4-9229-28EBF18BF8F8}"
EndProject
Global
	GlobalSection(SolutionConfigurationPlatforms) = preSolution
		Debug|Any CPU = Debug|Any CPU
		Release|Any CPU = Release|Any CPU
	EndGlobalSection
	GlobalSection(ProjectConfigurationPlatforms) = postSolution
		{A531183B-98D0-4B59-9517-63B2378AC610}.Debug|Any CPU.ActiveCfg = Debug|Any CPU
		{A531183B-98D0-4B59-9517-63B2378AC610}.Debug|Any CPU.Build.0 = Debug|Any CPU
		{A531183B-98D0-4B59-9517-63B2378AC610}.Release|Any CPU.ActiveCfg = Release|Any CPU
		{A531183B-98D0-4B59-9517-63B2378AC610}.Release|Any CPU.Build.0 = Release|Any CPU
		{2561C7D3-9727-4F0F-8C36-79D7FF013B2E}.Debug|Any CPU.ActiveCfg = Debug|Any CPU
		{2561C7D3-9727-4F0F-8C36-79D7FF013B2E}.Debug|Any CPU.Build.0 = Debug|Any CPU
		{2561C7D3-9727-4F0F-8C36-79D7FF013B2E}.Release|Any CPU.ActiveCfg = Release|Any CPU
		{2561C7D3-9727-4F0F-8C36-79D7FF013B2E}.Release|Any CPU.Build.0 = Release|Any CPU
		{D9A6B149-1809-4FF4-9229-28EBF18BF8F8}.Debug|Any CPU.ActiveCfg = Debug|Any CPU
		{D9A6B149-1809-4FF4-9229-28EBF18BF8F8}.Debug|Any CPU.Build.0 = Debug|Any CPU
		{D9A6B149-1809-4FF4-9229-28EBF18BF8F8}.Release|Any CPU.ActiveCfg = Release|Any CPU
		{D9A6B149-1809-4FF4-9229-28EBF18BF8F8}.Release|Any CPU.Build.0 = Release|Any CPU
	EndGlobalSection
	GlobalSection(SolutionProperties) = preSolution
		HideSolutionNode = FALSE
	EndGlobalSection
	GlobalSection(ExtensibilityGlobals) = postSolution
		SolutionGuid = {5842901E-76E3-4387-BD5D-F7FAD2123A40}
	EndGlobalSection
EndGlobal
